
Microsoft Visual Studio Solution File, Format Version 12.00
# Visual Studio Version 17
VisualStudioVersion = 17.14.37012.4
MinimumVisualStudioVersion = 10.0.40219.1
Project("{FAE04EC0-301F-11D3-BF4B-00C04F79EFBC}") = "Vloxy.SuperaRewards.Api", "Vloxy.SuperaRewards.Api.csproj", "{60FEFA63-AC48-47F9-BDA9-219D7500A56B}"
EndProject
Project("{FAE04EC0-301F-11D3-BF4B-00C04F79EFBC}") = "Vloxy.SuperaRewards.Application", "..\Vloxy.SuperaRewards.Application\Vloxy.SuperaRewards.Application.csproj", "{4828760F-2EBF-4006-B38D-CABB9FDB3142}"
EndProject
Project("{FAE04EC0-301F-11D3-BF4B-00C04F79EFBC}") = "Vloxy.SuperaRewards.Infrastructure", "..\Vloxy.SuperaRewards.Infrastructure\Vloxy.SuperaRewards.Infrastructure.csproj", "{C1F7BC97-5870-4BF5-AAC2-5AC89D378107}"
EndProject
Project("{FAE04EC0-301F-11D3-BF4B-00C04F79EFBC}") = "Vloxy.SuperaRewards.Domain", "..\Vloxy.SuperaRewards.Domain\Vloxy.SuperaRewards.Domain.csproj", "{323C92E2-893A-42F0-A7DB-B1338F32077B}"
EndProject
Global
	GlobalSection(SolutionConfigurationPlatforms) = preSolution
		Debug|Any CPU = Debug|Any CPU
		Release|Any CPU = Release|Any CPU
	EndGlobalSection
	GlobalSection(ProjectConfigurationPlatforms) = postSolution
		{60FEFA63-AC48-47F9-BDA9-219D7500A56B}.Debug|Any CPU.ActiveCfg = Debug|Any CPU
		{60FEFA63-AC48-47F9-BDA9-219D7500A56B}.Debug|Any CPU.Build.0 = Debug|Any CPU
		{60FEFA63-AC48-47F9-BDA9-219D7500A56B}.Release|Any CPU.ActiveCfg = Release|Any CPU
		{60FEFA63-AC48-47F9-BDA9-219D7500A56B}.Release|Any CPU.Build.0 = Release|Any CPU
		{4828760F-2EBF-4006-B38D-CABB9FDB3142}.Debug|Any CPU.ActiveCfg = Debug|Any CPU
		{4828760F-2EBF-4006-B38D-CABB9FDB3142}.Debug|Any CPU.Build.0 = Debug|Any CPU
		{4828760F-2EBF-4006-B38D-CABB9FDB3142}.Release|Any CPU.ActiveCfg = Release|Any CPU
		{4828760F-2EBF-4006-B38D-CABB9FDB3142}.Release|Any CPU.Build.0 = Release|Any CPU
		{C1F7BC97-5870-4BF5-AAC2-5AC89D378107}.Debug|Any CPU.ActiveCfg = Debug|Any CPU
		{C1F7BC97-5870-4BF5-AAC2-5AC89D378107}.Debug|Any CPU.Build.0 = Debug|Any CPU
		{C1F7BC97-5870-4BF5-AAC2-5AC89D378107}.Release|Any CPU.ActiveCfg = Release|Any CPU
		{C1F7BC97-5870-4BF5-AAC2-5AC89D378107}.Release|Any CPU.Build.0 = Release|Any CPU
		{323C92E2-893A-42F0-A7DB-B1338F32077B}.Debug|Any CPU.ActiveCfg = Debug|Any CPU
		{323C92E2-893A-42F0-A7DB-B1338F32077B}.Debug|Any CPU.Build.0 = Debug|Any CPU
		{323C92E2-893A-42F0-A7DB-B1338F32077B}.Release|Any CPU.ActiveCfg = Release|Any CPU
		{323C92E2-893A-42F0-A7DB-B1338F32077B}.Release|Any CPU.Build.0 = Release|Any CPU
	EndGlobalSection
	GlobalSection(SolutionProperties) = preSolution
		HideSolutionNode = FALSE
	EndGlobalSection
	GlobalSection(ExtensibilityGlobals) = postSolution
		SolutionGuid = {0794F418-AC9D-4071-8B1C-8B2F05B6D375}
	EndGlobalSection
EndGlobal
